
Microsoft Visual Studio Solution File, Format Version 12.00
# Visual Studio Express 2012 for Web
Project("{F2A71F9B-5D33-465A-A702-920D77279786}") = "MOOCore", "MOOLGOSS\MOOCore.fsproj", "{40EA4BCF-E6E0-4DAD-ADE0-55AB522A1529}"
EndProject
Global
	GlobalSection(SolutionConfigurationPlatforms) = preSolution
		Debug|Any CPU = Debug|Any CPU
		Release|Any CPU = Release|Any CPU
	EndGlobalSection
	GlobalSection(ProjectConfigurationPlatforms) = postSolution
		{40EA4BCF-E6E0-4DAD-ADE0-55AB522A1529}.Debug|Any CPU.ActiveCfg = Debug|Any CPU
		{40EA4BCF-E6E0-4DAD-ADE0-55AB522A1529}.Debug|Any CPU.Build.0 = Debug|Any CPU
		{40EA4BCF-E6E0-4DAD-ADE0-55AB522A1529}.Release|Any CPU.ActiveCfg = Release|Any CPU
		{40EA4BCF-E6E0-4DAD-ADE0-55AB522A1529}.Release|Any CPU.Build.0 = Release|Any CPU
	EndGlobalSection
	GlobalSection(SolutionProperties) = preSolution
		HideSolutionNode = FALSE
	EndGlobalSection
EndGlobal
