
Microsoft Visual Studio Solution File, Format Version 12.00
# Visual Studio Express 2012 for Web
Project("{F2A71F9B-5D33-465A-A702-920D77279786}") = "MOOCore", "MOOCore\MOOCore.fsproj", "{40EA4BCF-E6E0-4DAD-ADE0-55AB522A1529}"
EndProject
Project("{F2A71F9B-5D33-465A-A702-920D77279786}") = "MOOServer", "MOOServer\MOOServer.fsproj", "{A73CA7A7-94B2-4B4A-A431-872B1C0E137E}"
EndProject
Project("{FAE04EC0-301F-11D3-BF4B-00C04F79EFBC}") = "MOOClient", "MOOClient\MOOClient.csproj", "{A03EF133-9E67-4AB9-A6CC-5AA37EA887D4}"
EndProject
Project("{FAE04EC0-301F-11D3-BF4B-00C04F79EFBC}") = "MOOService", "MOOService\MOOService.csproj", "{6E75A267-D524-41D7-BEBC-561100D6287B}"
EndProject
Global
	GlobalSection(SolutionConfigurationPlatforms) = preSolution
		Debug|Any CPU = Debug|Any CPU
		Release|Any CPU = Release|Any CPU
	EndGlobalSection
	GlobalSection(ProjectConfigurationPlatforms) = postSolution
		{40EA4BCF-E6E0-4DAD-ADE0-55AB522A1529}.Debug|Any CPU.ActiveCfg = Debug|Any CPU
		{40EA4BCF-E6E0-4DAD-ADE0-55AB522A1529}.Debug|Any CPU.Build.0 = Debug|Any CPU
		{40EA4BCF-E6E0-4DAD-ADE0-55AB522A1529}.Release|Any CPU.ActiveCfg = Release|Any CPU
		{40EA4BCF-E6E0-4DAD-ADE0-55AB522A1529}.Release|Any CPU.Build.0 = Release|Any CPU
		{A73CA7A7-94B2-4B4A-A431-872B1C0E137E}.Debug|Any CPU.ActiveCfg = Debug|Any CPU
		{A73CA7A7-94B2-4B4A-A431-872B1C0E137E}.Debug|Any CPU.Build.0 = Debug|Any CPU
		{A73CA7A7-94B2-4B4A-A431-872B1C0E137E}.Release|Any CPU.ActiveCfg = Release|Any CPU
		{A73CA7A7-94B2-4B4A-A431-872B1C0E137E}.Release|Any CPU.Build.0 = Release|Any CPU
		{A03EF133-9E67-4AB9-A6CC-5AA37EA887D4}.Debug|Any CPU.ActiveCfg = Debug|Any CPU
		{A03EF133-9E67-4AB9-A6CC-5AA37EA887D4}.Debug|Any CPU.Build.0 = Debug|Any CPU
		{A03EF133-9E67-4AB9-A6CC-5AA37EA887D4}.Release|Any CPU.ActiveCfg = Release|Any CPU
		{A03EF133-9E67-4AB9-A6CC-5AA37EA887D4}.Release|Any CPU.Build.0 = Release|Any CPU
		{6E75A267-D524-41D7-BEBC-561100D6287B}.Debug|Any CPU.ActiveCfg = Debug|Any CPU
		{6E75A267-D524-41D7-BEBC-561100D6287B}.Debug|Any CPU.Build.0 = Debug|Any CPU
		{6E75A267-D524-41D7-BEBC-561100D6287B}.Release|Any CPU.ActiveCfg = Release|Any CPU
		{6E75A267-D524-41D7-BEBC-561100D6287B}.Release|Any CPU.Build.0 = Release|Any CPU
	EndGlobalSection
	GlobalSection(SolutionProperties) = preSolution
		HideSolutionNode = FALSE
	EndGlobalSection
EndGlobal
